
Microsoft Visual Studio Solution File, Format Version 12.00
# Visual Studio Version 17
VisualStudioVersion = 17.6.33815.320
MinimumVisualStudioVersion = 10.0.40219.1
Project("{FAE04EC0-301F-11D3-BF4B-00C04F79EFBC}") = "Test", "Test\Test.csproj", "{4C82EA7C-E3D0-44CE-B101-500D852789C3}"
EndProject
Global
	GlobalSection(SolutionConfigurationPlatforms) = preSolution
		Debug|Any CPU = Debug|Any CPU
		Release|Any CPU = Release|Any CPU
	EndGlobalSection
	GlobalSection(ProjectConfigurationPlatforms) = postSolution
		{4C82EA7C-E3D0-44CE-B101-500D852789C3}.Debug|Any CPU.ActiveCfg = Debug|Any CPU
		{4C82EA7C-E3D0-44CE-B101-500D852789C3}.Debug|Any CPU.Build.0 = Debug|Any CPU
		{4C82EA7C-E3D0-44CE-B101-500D852789C3}.Release|Any CPU.ActiveCfg = Release|Any CPU
		{4C82EA7C-E3D0-44CE-B101-500D852789C3}.Release|Any CPU.Build.0 = Release|Any CPU
	EndGlobalSection
	GlobalSection(SolutionProperties) = preSolution
		HideSolutionNode = FALSE
	EndGlobalSection
	GlobalSection(ExtensibilityGlobals) = postSolution
		SolutionGuid = {50301710-111B-4331-8936-5E681405C60A}
	EndGlobalSection
EndGlobal
